
Microsoft Visual Studio Solution File, Format Version 11.00
# Visual C# Express 2010
Project("{FAE04EC0-301F-11D3-BF4B-00C04F79EFBC}") = "Osu Beatmap Grabber", "Osu Beatmap Grabber\Osu Beatmap Grabber.csproj", "{CA7CB707-C659-42D4-A902-1CE4A37C2C63}"
EndProject
Global
	GlobalSection(SolutionConfigurationPlatforms) = preSolution
		Debug|Any CPU = Debug|Any CPU
		Release|Any CPU = Release|Any CPU
	EndGlobalSection
	GlobalSection(ProjectConfigurationPlatforms) = postSolution
		{CA7CB707-C659-42D4-A902-1CE4A37C2C63}.Debug|Any CPU.ActiveCfg = Debug|Any CPU
		{CA7CB707-C659-42D4-A902-1CE4A37C2C63}.Debug|Any CPU.Build.0 = Debug|Any CPU
		{CA7CB707-C659-42D4-A902-1CE4A37C2C63}.Release|Any CPU.ActiveCfg = Release|Any CPU
		{CA7CB707-C659-42D4-A902-1CE4A37C2C63}.Release|Any CPU.Build.0 = Release|Any CPU
	EndGlobalSection
	GlobalSection(SolutionProperties) = preSolution
		HideSolutionNode = FALSE
	EndGlobalSection
EndGlobal
